
Microsoft Visual Studio Solution File, Format Version 12.00
# Visual Studio Version 16
VisualStudioVersion = 16.0.30907.101
MinimumVisualStudioVersion = 10.0.40219.1
Project("{FAE04EC0-301F-11D3-BF4B-00C04F79EFBC}") = "praktic9", "praktic9\praktic9.csproj", "{8C590C78-B1F8-48D6-8F76-71D42179F976}"
EndProject
Global
	GlobalSection(SolutionConfigurationPlatforms) = preSolution
		Debug|Any CPU = Debug|Any CPU
		Release|Any CPU = Release|Any CPU
	EndGlobalSection
	GlobalSection(ProjectConfigurationPlatforms) = postSolution
		{8C590C78-B1F8-48D6-8F76-71D42179F976}.Debug|Any CPU.ActiveCfg = Debug|Any CPU
		{8C590C78-B1F8-48D6-8F76-71D42179F976}.Debug|Any CPU.Build.0 = Debug|Any CPU
		{8C590C78-B1F8-48D6-8F76-71D42179F976}.Release|Any CPU.ActiveCfg = Release|Any CPU
		{8C590C78-B1F8-48D6-8F76-71D42179F976}.Release|Any CPU.Build.0 = Release|Any CPU
	EndGlobalSection
	GlobalSection(SolutionProperties) = preSolution
		HideSolutionNode = FALSE
	EndGlobalSection
	GlobalSection(ExtensibilityGlobals) = postSolution
		SolutionGuid = {334F00AB-66CA-402F-A02D-BB8D18AE5870}
	EndGlobalSection
EndGlobal
